
Microsoft Visual Studio Solution File, Format Version 12.00
# Visual Studio Version 17
VisualStudioVersion = 17.5.33516.290
MinimumVisualStudioVersion = 10.0.40219.1
Project("{D3732FF7-1F70-4E51-B125-D90DBB66E8DE}") = "PinksaleTrending", "PinksaleTrending.csproj", "{C38A5E00-4821-465E-9698-99B2536F1F2B}"
EndProject
Global
	GlobalSection(SolutionConfigurationPlatforms) = preSolution
		Debug|Any CPU = Debug|Any CPU
		Release|Any CPU = Release|Any CPU
	EndGlobalSection
	GlobalSection(ProjectConfigurationPlatforms) = postSolution
		{C38A5E00-4821-465E-9698-99B2536F1F2B}.Debug|Any CPU.ActiveCfg = Debug|Any CPU
		{C38A5E00-4821-465E-9698-99B2536F1F2B}.Debug|Any CPU.Build.0 = Debug|Any CPU
		{C38A5E00-4821-465E-9698-99B2536F1F2B}.Release|Any CPU.ActiveCfg = Release|Any CPU
		{C38A5E00-4821-465E-9698-99B2536F1F2B}.Release|Any CPU.Build.0 = Release|Any CPU
	EndGlobalSection
	GlobalSection(SolutionProperties) = preSolution
		HideSolutionNode = FALSE
	EndGlobalSection
	GlobalSection(ExtensibilityGlobals) = postSolution
		SolutionGuid = {B203088B-7D5A-406A-8D53-7D3766D1DB48}
	EndGlobalSection
EndGlobal
